# THIS IS AN AUTOGENERATED FILE. DO NOT EDIT THIS FILE DIRECTLY.
# yarn lockfile v1


"@hapi/b64@5.x.x":
  version "5.0.0"
  resolved "https://registry.yarnpkg.com/@hapi/b64/-/b64-5.0.0.tgz#b8210cbd72f4774985e78569b77e97498d24277d"
  integrity sha512-ngu0tSEmrezoiIaNGG6rRvKOUkUuDdf4XTPnONHGYfSGRmDqPZX5oJL6HAdKTo1UQHECbdB4OzhWrfgVppjHUw==
  dependencies:
    "@hapi/hoek" "9.x.x"

"@hapi/boom@9.x.x":
  version "9.1.2"
  resolved "https://registry.yarnpkg.com/@hapi/boom/-/boom-9.1.2.tgz#48bd41d67437164a2d636e3b5bc954f8c8dc5e38"
  integrity sha512-uJEJtiNHzKw80JpngDGBCGAmWjBtzxDCz17A9NO2zCi8LLBlb5Frpq4pXwyN+2JQMod4pKz5BALwyneCgDg89Q==
  dependencies:
    "@hapi/hoek" "9.x.x"

"@hapi/bourne@2.x.x":
  version "2.0.0"
  resolved "https://registry.yarnpkg.com/@hapi/bourne/-/bourne-2.0.0.tgz#5bb2193eb685c0007540ca61d166d4e1edaf918d"
  integrity sha512-WEezM1FWztfbzqIUbsDzFRVMxSoLy3HugVcux6KDDtTqzPsLE8NDRHfXvev66aH1i2oOKKar3/XDjbvh/OUBdg==

"@hapi/cryptiles@5.x.x":
  version "5.1.0"
  resolved "https://registry.yarnpkg.com/@hapi/cryptiles/-/cryptiles-5.1.0.tgz#655de4cbbc052c947f696148c83b187fc2be8f43"
  integrity sha512-fo9+d1Ba5/FIoMySfMqPBR/7Pa29J2RsiPrl7bkwo5W5o+AN1dAYQRi4SPrPwwVxVGKjgLOEWrsvt1BonJSfLA==
  dependencies:
    "@hapi/boom" "9.x.x"

"@hapi/hoek@9.x.x":
  version "9.2.0"
  resolved "https://registry.yarnpkg.com/@hapi/hoek/-/hoek-9.2.0.tgz#f3933a44e365864f4dad5db94158106d511e8131"
  integrity sha512-sqKVVVOe5ivCaXDWivIJYVSaEgdQK9ul7a4Kity5Iw7u9+wBAPbX1RMSnLLmp7O4Vzj0WOWwMAJsTL00xwaNug==

"@hapi/iron@^6.0.0":
  version "6.0.0"
  resolved "https://registry.yarnpkg.com/@hapi/iron/-/iron-6.0.0.tgz#ca3f9136cda655bdd6028de0045da0de3d14436f"
  integrity sha512-zvGvWDufiTGpTJPG1Y/McN8UqWBu0k/xs/7l++HVU535NLHXsHhy54cfEMdW7EjwKfbBfM9Xy25FmTiobb7Hvw==
  dependencies:
    "@hapi/b64" "5.x.x"
    "@hapi/boom" "9.x.x"
    "@hapi/bourne" "2.x.x"
    "@hapi/cryptiles" "5.x.x"
    "@hapi/hoek" "9.x.x"

"@next/env@12.1.0":
  version "12.1.0"
  resolved "https://registry.yarnpkg.com/@next/env/-/env-12.1.0.tgz#73713399399b34aa5a01771fb73272b55b22c314"
  integrity sha512-nrIgY6t17FQ9xxwH3jj0a6EOiQ/WDHUos35Hghtr+SWN/ntHIQ7UpuvSi0vaLzZVHQWaDupKI+liO5vANcDeTQ==

"@next/swc-android-arm64@12.1.0":
  version "12.1.0"
  resolved "https://registry.yarnpkg.com/@next/swc-android-arm64/-/swc-android-arm64-12.1.0.tgz#865ba3a9afc204ff2bdeea49dd64d58705007a39"
  integrity sha512-/280MLdZe0W03stA69iL+v6I+J1ascrQ6FrXBlXGCsGzrfMaGr7fskMa0T5AhQIVQD4nA/46QQWxG//DYuFBcA==

"@next/swc-darwin-arm64@12.1.0":
  version "12.1.0"
  resolved "https://registry.yarnpkg.com/@next/swc-darwin-arm64/-/swc-darwin-arm64-12.1.0.tgz#08e8b411b8accd095009ed12efbc2f1d4d547135"
  integrity sha512-R8vcXE2/iONJ1Unf5Ptqjk6LRW3bggH+8drNkkzH4FLEQkHtELhvcmJwkXcuipyQCsIakldAXhRbZmm3YN1vXg==

"@next/swc-darwin-x64@12.1.0":
  version "12.1.0"
  resolved "https://registry.yarnpkg.com/@next/swc-darwin-x64/-/swc-darwin-x64-12.1.0.tgz#fcd684497a76e8feaca88db3c394480ff0b007cd"
  integrity sha512-ieAz0/J0PhmbZBB8+EA/JGdhRHBogF8BWaeqR7hwveb6SYEIJaDNQy0I+ZN8gF8hLj63bEDxJAs/cEhdnTq+ug==

"@next/swc-linux-arm-gnueabihf@12.1.0":
  version "12.1.0"
  resolved "https://registry.yarnpkg.com/@next/swc-linux-arm-gnueabihf/-/swc-linux-arm-gnueabihf-12.1.0.tgz#9ec6380a27938a5799aaa6035c205b3c478468a7"
  integrity sha512-njUd9hpl6o6A5d08dC0cKAgXKCzm5fFtgGe6i0eko8IAdtAPbtHxtpre3VeSxdZvuGFh+hb0REySQP9T1ttkog==

"@next/swc-linux-arm64-gnu@12.1.0":
  version "12.1.0"
  resolved "https://registry.yarnpkg.com/@next/swc-linux-arm64-gnu/-/swc-linux-arm64-gnu-12.1.0.tgz#7f4196dff1049cea479607c75b81033ae2dbd093"
  integrity sha512-OqangJLkRxVxMhDtcb7Qn1xjzFA3s50EIxY7mljbSCLybU+sByPaWAHY4px97ieOlr2y4S0xdPKkQ3BCAwyo6Q==

"@next/swc-linux-arm64-musl@12.1.0":
  version "12.1.0"
  resolved "https://registry.yarnpkg.com/@next/swc-linux-arm64-musl/-/swc-linux-arm64-musl-12.1.0.tgz#b445f767569cdc2dddee785ca495e1a88c025566"
  integrity sha512-hB8cLSt4GdmOpcwRe2UzI5UWn6HHO/vLkr5OTuNvCJ5xGDwpPXelVkYW/0+C3g5axbDW2Tym4S+MQCkkH9QfWA==

"@next/swc-linux-x64-gnu@12.1.0":
  version "12.1.0"
  resolved "https://registry.yarnpkg.com/@next/swc-linux-x64-gnu/-/swc-linux-x64-gnu-12.1.0.tgz#67610e9be4fbc987de7535f1bcb17e45fe12f90e"
  integrity sha512-OKO4R/digvrVuweSw/uBM4nSdyzsBV5EwkUeeG4KVpkIZEe64ZwRpnFB65bC6hGwxIBnTv5NMSnJ+0K/WmG78A==

"@next/swc-linux-x64-musl@12.1.0":
  version "12.1.0"
  resolved "https://registry.yarnpkg.com/@next/swc-linux-x64-musl/-/swc-linux-x64-musl-12.1.0.tgz#ea19a23db08a9f2e34ac30401f774cf7d1669d31"
  integrity sha512-JohhgAHZvOD3rQY7tlp7NlmvtvYHBYgY0x5ZCecUT6eCCcl9lv6iV3nfu82ErkxNk1H893fqH0FUpznZ/H3pSw==

"@next/swc-win32-arm64-msvc@12.1.0":
  version "12.1.0"
  resolved "https://registry.yarnpkg.com/@next/swc-win32-arm64-msvc/-/swc-win32-arm64-msvc-12.1.0.tgz#eadf054fc412085659b98e145435bbba200b5283"
  integrity sha512-T/3gIE6QEfKIJ4dmJk75v9hhNiYZhQYAoYm4iVo1TgcsuaKLFa+zMPh4056AHiG6n9tn2UQ1CFE8EoybEsqsSw==

"@next/swc-win32-ia32-msvc@12.1.0":
  version "12.1.0"
  resolved "https://registry.yarnpkg.com/@next/swc-win32-ia32-msvc/-/swc-win32-ia32-msvc-12.1.0.tgz#68faeae10c89f698bf9d28759172b74c9c21bda1"
  integrity sha512-iwnKgHJdqhIW19H9PRPM9j55V6RdcOo6rX+5imx832BCWzkDbyomWnlzBfr6ByUYfhohb8QuH4hSGEikpPqI0Q==

"@next/swc-win32-x64-msvc@12.1.0":
  version "12.1.0"
  resolved "https://registry.yarnpkg.com/@next/swc-win32-x64-msvc/-/swc-win32-x64-msvc-12.1.0.tgz#d27e7e76c87a460a4da99c5bfdb1618dcd6cd064"
  integrity sha512-aBvcbMwuanDH4EMrL2TthNJy+4nP59Bimn8egqv6GHMVj0a44cU6Au4PjOhLNqEh9l+IpRGBqMTzec94UdC5xg==

"@types/cookie@^0.4.0":
  version "0.4.0"
  resolved "https://registry.yarnpkg.com/@types/cookie/-/cookie-0.4.0.tgz#14f854c0f93d326e39da6e3b6f34f7d37513d108"
  integrity sha512-y7mImlc/rNkvCRmg8gC3/lj87S7pTUIJ6QGjwHR9WQJcFs+ZMTOaoPrkdFA/YdbuqVEmEbb5RdhVxMkAcgOnpg==

"@types/prop-types@*":
  version "15.7.3"
  resolved "https://registry.yarnpkg.com/@types/prop-types/-/prop-types-15.7.3.tgz#2ab0d5da2e5815f94b0b9d4b95d1e5f243ab2ca7"
  integrity sha512-KfRL3PuHmqQLOG+2tGpRO26Ctg+Cq1E01D2DMriKEATHgWLfeNDmq9e29Q9WIky0dQ3NPkd1mzYH8Lm936Z9qw==

"@types/react@^17.0.5":
  version "17.0.5"
  resolved "https://registry.yarnpkg.com/@types/react/-/react-17.0.5.tgz#3d887570c4489011f75a3fc8f965bf87d09a1bea"
  integrity sha512-bj4biDB9ZJmGAYTWSKJly6bMr4BLUiBrx9ujiJEoP9XIDY9CTaPGxE5QWN/1WjpPLzYF7/jRNnV2nNxNe970sw==
  dependencies:
    "@types/prop-types" "*"
    "@types/scheduler" "*"
    csstype "^3.0.2"

"@types/scheduler@*":
  version "0.16.1"
  resolved "https://registry.yarnpkg.com/@types/scheduler/-/scheduler-0.16.1.tgz#18845205e86ff0038517aab7a18a62a6b9f71275"
  integrity sha512-EaCxbanVeyxDRTQBkdLb3Bvl/HK7PBK6UJjsSixB0iHKoWxE5uu2Q/DgtpOhPIojN0Zl1whvOd7PoHs2P0s5eA==

anymatch@~3.1.1:
  version "3.1.2"
  resolved "https://registry.yarnpkg.com/anymatch/-/anymatch-3.1.2.tgz#c0557c096af32f106198f4f4e2a383537e378716"
  integrity sha512-P43ePfOAIupkguHUycrc4qJ9kz8ZiuOUijaETwX7THt0Y/GNK7v0aa8rY816xWjZ7rJdA5XdMcpVFTKMq+RvWg==
  dependencies:
    normalize-path "^3.0.0"
    picomatch "^2.0.4"

array.prototype.flat@^1.2.4:
  version "1.2.4"
  resolved "https://registry.yarnpkg.com/array.prototype.flat/-/array.prototype.flat-1.2.4.tgz#6ef638b43312bd401b4c6199fdec7e2dc9e9a123"
  integrity sha512-4470Xi3GAPAjZqFcljX2xzckv1qeKPizoNkiS0+O4IoPR2ZNpcjE0pkhdihlDouK+x6QOast26B4Q/O9DJnwSg==
  dependencies:
    call-bind "^1.0.0"
    define-properties "^1.1.3"
    es-abstract "^1.18.0-next.1"

asynckit@^0.4.0:
  version "0.4.0"
  resolved "https://registry.yarnpkg.com/asynckit/-/asynckit-0.4.0.tgz#c79ed97f7f34cb8f2ba1bc9790bcc366474b4b79"
  integrity sha1-x57Zf380y48robyXkLzDZkdLS3k=

axios@^0.21.1:
  version "0.21.1"
  resolved "https://registry.yarnpkg.com/axios/-/axios-0.21.1.tgz#22563481962f4d6bde9a76d516ef0e5d3c09b2b8"
  integrity sha512-dKQiRHxGD9PPRIUNIWvZhPTPpl1rf/OxTYKsqKUDjBwYylTvV7SjSHJb9ratfyzM6wCdLCOYLzs73qpg5c4iGA==
  dependencies:
    follow-redirects "^1.10.0"

binary-extensions@^2.0.0:
  version "2.2.0"
  resolved "https://registry.yarnpkg.com/binary-extensions/-/binary-extensions-2.2.0.tgz#75f502eeaf9ffde42fc98829645be4ea76bd9e2d"
  integrity sha512-jDctJ/IVQbZoJykoeHbhXpOlNBqGNcwXJKJog42E5HDPUwQTSdjCHdihjj0DlnheQ7blbT6dHOafNAiS8ooQKA==

braces@~3.0.2:
  version "3.0.2"
  resolved "https://registry.yarnpkg.com/braces/-/braces-3.0.2.tgz#3454e1a462ee8d599e236df336cd9ea4f8afe107"
  integrity sha512-b8um+L1RzM3WDSzvhm6gIz1yfTbBt6YTlcEKAvsmqCZZFw46z626lVj9j1yEPW33H5H+lBQpZMP1k8l+78Ha0A==
  dependencies:
    fill-range "^7.0.1"

call-bind@^1.0.0, call-bind@^1.0.2:
  version "1.0.2"
  resolved "https://registry.yarnpkg.com/call-bind/-/call-bind-1.0.2.tgz#b1d4e89e688119c3c9a903ad30abb2f6a919be3c"
  integrity sha512-7O+FbCihrB5WGbFYesctwmTKae6rOiIzmz1icreWJ+0aA7LJfuqhEso2T9ncpcFtzMQtzXf2QGGueWJGTYsqrA==
  dependencies:
    function-bind "^1.1.1"
    get-intrinsic "^1.0.2"

caniuse-lite@^1.0.30001283:
  version "1.0.30001312"
  resolved "https://registry.yarnpkg.com/caniuse-lite/-/caniuse-lite-1.0.30001312.tgz#e11eba4b87e24d22697dae05455d5aea28550d5f"
  integrity sha512-Wiz1Psk2MEK0pX3rUzWaunLTZzqS2JYZFzNKqAiJGiuxIjRPLgV6+VDPOg6lQOUxmDwhTlh198JsTTi8Hzw6aQ==

"chokidar@>=3.0.0 <4.0.0":
  version "3.5.1"
  resolved "https://registry.yarnpkg.com/chokidar/-/chokidar-3.5.1.tgz#ee9ce7bbebd2b79f49f304799d5468e31e14e68a"
  integrity sha512-9+s+Od+W0VJJzawDma/gvBNQqkTiqYTWLuZoyAsivsI4AaWTCzHG06/TMjsf1cYe9Cb97UCEhjz7HvnPk2p/tw==
  dependencies:
    anymatch "~3.1.1"
    braces "~3.0.2"
    glob-parent "~5.1.0"
    is-binary-path "~2.1.0"
    is-glob "~4.0.1"
    normalize-path "~3.0.0"
    readdirp "~3.5.0"
  optionalDependencies:
    fsevents "~2.3.1"

clone@^2.1.2:
  version "2.1.2"
  resolved "https://registry.yarnpkg.com/clone/-/clone-2.1.2.tgz#1b7f4b9f591f1e8f83670401600345a02887435f"
  integrity sha1-G39Ln1kfHo+DZwQBYANFoCiHQ18=

combined-stream@^1.0.8:
  version "1.0.8"
  resolved "https://registry.yarnpkg.com/combined-stream/-/combined-stream-1.0.8.tgz#c3d45a8b34fd730631a110a8a2520682b31d5a7f"
  integrity sha512-FQN4MRfuJeHf7cBbBMJFXhKSDq+2kAArBlmRBvcvFE5BB1HZKXtSFASDhdlz9zOYwxh8lDdnvmMOe/+5cdoEdg==
  dependencies:
    delayed-stream "~1.0.0"

cookie@^0.4.1:
  version "0.4.1"
  resolved "https://registry.yarnpkg.com/cookie/-/cookie-0.4.1.tgz#afd713fe26ebd21ba95ceb61f9a8116e50a537d1"
  integrity sha512-ZwrFkGJxUR3EIoXtO+yVE69Eb7KlixbaeAWfBQB9vVsNn/o+Yw69gBWSSDK825hQNdN+wF8zELf3dFNl/kxkUA==

csstype@^3.0.2:
  version "3.0.8"
  resolved "https://registry.yarnpkg.com/csstype/-/csstype-3.0.8.tgz#d2266a792729fb227cd216fb572f43728e1ad340"
  integrity sha512-jXKhWqXPmlUeoQnF/EhTtTl4C9SnrxSH/jZUih3jmO6lBKr99rP3/+FmrMj4EFpOXzMtXHAZkd3x0E6h6Fgflw==

debug@^4.3.1:
  version "4.3.1"
  resolved "https://registry.yarnpkg.com/debug/-/debug-4.3.1.tgz#f0d229c505e0c6d8c49ac553d1b13dc183f6b2ee"
  integrity sha512-doEwdvm4PCeK4K3RQN2ZC2BYUBaxwLARCqZmMjtF8a51J2Rb0xpVloFRnCODwqjpwnAoao4pelN8l3RJdv3gRQ==
  dependencies:
    ms "2.1.2"

define-properties@^1.1.3:
  version "1.1.3"
  resolved "https://registry.yarnpkg.com/define-properties/-/define-properties-1.1.3.tgz#cf88da6cbee26fe6db7094f61d870cbd84cee9f1"
  integrity sha512-3MqfYKj2lLzdMSf8ZIZE/V+Zuy+BgD6f164e8K2w7dgnpKArBDerGYpM46IYYcjnkdPNMjPk9A6VFB8+3SKlXQ==
  dependencies:
    object-keys "^1.0.12"

delayed-stream@~1.0.0:
  version "1.0.0"
  resolved "https://registry.yarnpkg.com/delayed-stream/-/delayed-stream-1.0.0.tgz#df3ae199acadfb7d440aaae0b29e2272b24ec619"
  integrity sha1-3zrhmayt+31ECqrgsp4icrJOxhk=

es-abstract@^1.18.0-next.1:
  version "1.18.3"
  resolved "https://registry.yarnpkg.com/es-abstract/-/es-abstract-1.18.3.tgz#25c4c3380a27aa203c44b2b685bba94da31b63e0"
  integrity sha512-nQIr12dxV7SSxE6r6f1l3DtAeEYdsGpps13dR0TwJg1S8gyp4ZPgy3FZcHBgbiQqnoqSTb+oC+kO4UQ0C/J8vw==
  dependencies:
    call-bind "^1.0.2"
    es-to-primitive "^1.2.1"
    function-bind "^1.1.1"
    get-intrinsic "^1.1.1"
    has "^1.0.3"
    has-symbols "^1.0.2"
    is-callable "^1.2.3"
    is-negative-zero "^2.0.1"
    is-regex "^1.1.3"
    is-string "^1.0.6"
    object-inspect "^1.10.3"
    object-keys "^1.1.1"
    object.assign "^4.1.2"
    string.prototype.trimend "^1.0.4"
    string.prototype.trimstart "^1.0.4"
    unbox-primitive "^1.0.1"

es-to-primitive@^1.2.1:
  version "1.2.1"
  resolved "https://registry.yarnpkg.com/es-to-primitive/-/es-to-primitive-1.2.1.tgz#e55cd4c9cdc188bcefb03b366c736323fc5c898a"
  integrity sha512-QCOllgZJtaUo9miYBcLChTUaHNjJF3PYs1VidD7AwiEj1kYxKeQTctLAezAOH5ZKRH0g2IgPn6KwB4IT8iRpvA==
  dependencies:
    is-callable "^1.1.4"
    is-date-object "^1.0.1"
    is-symbol "^1.0.2"

fill-range@^7.0.1:
  version "7.0.1"
  resolved "https://registry.yarnpkg.com/fill-range/-/fill-range-7.0.1.tgz#1919a6a7c75fe38b2c7c77e5198535da9acdda40"
  integrity sha512-qOo9F+dMUmC2Lcb4BbVvnKJxTPjCm+RRpe4gDuGrzkL7mEVl/djYSu2OdQ2Pa302N4oqkSg9ir6jaLWJ2USVpQ==
  dependencies:
    to-regex-range "^5.0.1"

follow-redirects@^1.10.0:
  version "1.14.1"
  resolved "https://registry.yarnpkg.com/follow-redirects/-/follow-redirects-1.14.1.tgz#d9114ded0a1cfdd334e164e6662ad02bfd91ff43"
  integrity sha512-HWqDgT7ZEkqRzBvc2s64vSZ/hfOceEol3ac/7tKwzuvEyWx3/4UegXh5oBOIotkGsObyk3xznnSRVADBgWSQVg==

form-data@^4.0.0:
  version "4.0.0"
  resolved "https://registry.yarnpkg.com/form-data/-/form-data-4.0.0.tgz#93919daeaf361ee529584b9b31664dc12c9fa452"
  integrity sha512-ETEklSGi5t0QMZuiXoA/Q6vcnxcLQP5vdugSpuAyi6SVGi2clPPp+xgEhuMaHC+zGgn31Kd235W35f7Hykkaww==
  dependencies:
    asynckit "^0.4.0"
    combined-stream "^1.0.8"
    mime-types "^2.1.12"

fsevents@~2.3.1:
  version "2.3.2"
  resolved "https://registry.yarnpkg.com/fsevents/-/fsevents-2.3.2.tgz#8a526f78b8fdf4623b709e0b975c52c24c02fd1a"
  integrity sha512-xiqMQR4xAeHTuB9uWm+fFRcIOgKBMiOBP+eXiyT7jsgVCq1bkVygt00oASowB7EdtpOHaaPgKt812P9ab+DDKA==

function-bind@^1.1.1:
  version "1.1.1"
  resolved "https://registry.yarnpkg.com/function-bind/-/function-bind-1.1.1.tgz#a56899d3ea3c9bab874bb9773b7c5ede92f4895d"
  integrity sha512-yIovAzMX49sF8Yl58fSCWJ5svSLuaibPxXQJFLmBObTuCr0Mf1KiPopGM9NiFjiYBCbfaa2Fh6breQ6ANVTI0A==

get-intrinsic@^1.0.2, get-intrinsic@^1.1.1:
  version "1.1.1"
  resolved "https://registry.yarnpkg.com/get-intrinsic/-/get-intrinsic-1.1.1.tgz#15f59f376f855c446963948f0d24cd3637b4abc6"
  integrity sha512-kWZrnVM42QCiEA2Ig1bG8zjoIMOgxWwYCEeNdwY6Tv/cOSeGpcoX4pXHfKUxNKVoArnrEr2e9srnAxxGIraS9Q==
  dependencies:
    function-bind "^1.1.1"
    has "^1.0.3"
    has-symbols "^1.0.1"

glob-parent@~5.1.0:
  version "5.1.2"
  resolved "https://registry.yarnpkg.com/glob-parent/-/glob-parent-5.1.2.tgz#869832c58034fe68a4093c17dc15e8340d8401c4"
  integrity sha512-AOIgSQCepiJYwP3ARnGx+5VnTu2HBYdzbGP45eLw1vr3zB3vZLeyed1sC9hnbcOc9/SrMyM5RPQrkGz4aS9Zow==
  dependencies:
    is-glob "^4.0.1"

has-bigints@^1.0.1:
  version "1.0.1"
  resolved "https://registry.yarnpkg.com/has-bigints/-/has-bigints-1.0.1.tgz#64fe6acb020673e3b78db035a5af69aa9d07b113"
  integrity sha512-LSBS2LjbNBTf6287JEbEzvJgftkF5qFkmCo9hDRpAzKhUOlJ+hx8dd4USs00SgsUNwc4617J9ki5YtEClM2ffA==

has-symbols@^1.0.1, has-symbols@^1.0.2:
  version "1.0.2"
  resolved "https://registry.yarnpkg.com/has-symbols/-/has-symbols-1.0.2.tgz#165d3070c00309752a1236a479331e3ac56f1423"
  integrity sha512-chXa79rL/UC2KlX17jo3vRGz0azaWEx5tGqZg5pO3NUyEJVB17dMruQlzCCOfUvElghKcm5194+BCRvi2Rv/Gw==

has@^1.0.3:
  version "1.0.3"
  resolved "https://registry.yarnpkg.com/has/-/has-1.0.3.tgz#722d7cbfc1f6aa8241f16dd814e011e1f41e8796"
  integrity sha512-f2dvO0VU6Oej7RkWJGrehjbzMAjFp5/VKPp5tTpWIV4JHHZK1/BxbFRtf/siA2SWTe09caDmVtYYzWEIbBS4zw==
  dependencies:
    function-bind "^1.1.1"

iron-store@^1.3.0:
  version "1.3.0"
  resolved "https://registry.yarnpkg.com/iron-store/-/iron-store-1.3.0.tgz#bcd8c0a5b0d89b27de4ce4ee7979574f8e903b89"
  integrity sha512-Ics0Xy/1TTjOhZFLkarOpWfXp4TJ7foiKBFC/aXJH1bKwafNKrEhrHNeHyA/Jqx57tlhpIbGoNC3RUB+rRIz8Q==
  dependencies:
    "@hapi/iron" "^6.0.0"
    clone "^2.1.2"

is-bigint@^1.0.1:
  version "1.0.2"
  resolved "https://registry.yarnpkg.com/is-bigint/-/is-bigint-1.0.2.tgz#ffb381442503235ad245ea89e45b3dbff040ee5a"
  integrity sha512-0JV5+SOCQkIdzjBK9buARcV804Ddu7A0Qet6sHi3FimE9ne6m4BGQZfRn+NZiXbBk4F4XmHfDZIipLj9pX8dSA==

is-binary-path@~2.1.0:
  version "2.1.0"
  resolved "https://registry.yarnpkg.com/is-binary-path/-/is-binary-path-2.1.0.tgz#ea1f7f3b80f064236e83470f86c09c254fb45b09"
  integrity sha512-ZMERYes6pDydyuGidse7OsHxtbI7WVeUEozgR/g7rd0xUimYNlvZRE/K2MgZTjWy725IfelLeVcEM97mmtRGXw==
  dependencies:
    binary-extensions "^2.0.0"

is-boolean-object@^1.1.0:
  version "1.1.1"
  resolved "https://registry.yarnpkg.com/is-boolean-object/-/is-boolean-object-1.1.1.tgz#3c0878f035cb821228d350d2e1e36719716a3de8"
  integrity sha512-bXdQWkECBUIAcCkeH1unwJLIpZYaa5VvuygSyS/c2lf719mTKZDU5UdDRlpd01UjADgmW8RfqaP+mRaVPdr/Ng==
  dependencies:
    call-bind "^1.0.2"

is-callable@^1.1.4, is-callable@^1.2.3:
  version "1.2.3"
  resolved "https://registry.yarnpkg.com/is-callable/-/is-callable-1.2.3.tgz#8b1e0500b73a1d76c70487636f368e519de8db8e"
  integrity sha512-J1DcMe8UYTBSrKezuIUTUwjXsho29693unXM2YhJUTR2txK/eG47bvNa/wipPFmZFgr/N6f1GA66dv0mEyTIyQ==

is-date-object@^1.0.1:
  version "1.0.4"
  resolved "https://registry.yarnpkg.com/is-date-object/-/is-date-object-1.0.4.tgz#550cfcc03afada05eea3dd30981c7b09551f73e5"
  integrity sha512-/b4ZVsG7Z5XVtIxs/h9W8nvfLgSAyKYdtGWQLbqy6jA1icmgjf8WCoTKgeS4wy5tYaPePouzFMANbnj94c2Z+A==

is-extglob@^2.1.1:
  version "2.1.1"
  resolved "https://registry.yarnpkg.com/is-extglob/-/is-extglob-2.1.1.tgz#a88c02535791f02ed37c76a1b9ea9773c833f8c2"
  integrity sha1-qIwCU1eR8C7TfHahueqXc8gz+MI=

is-glob@^4.0.1, is-glob@~4.0.1:
  version "4.0.1"
  resolved "https://registry.yarnpkg.com/is-glob/-/is-glob-4.0.1.tgz#7567dbe9f2f5e2467bc77ab83c4a29482407a5dc"
  integrity sha512-5G0tKtBTFImOqDnLB2hG6Bp2qcKEFduo4tZu9MT/H6NQv/ghhy30o55ufafxJ/LdH79LLs2Kfrn85TLKyA7BUg==
  dependencies:
    is-extglob "^2.1.1"

is-negative-zero@^2.0.1:
  version "2.0.1"
  resolved "https://registry.yarnpkg.com/is-negative-zero/-/is-negative-zero-2.0.1.tgz#3de746c18dda2319241a53675908d8f766f11c24"
  integrity sha512-2z6JzQvZRa9A2Y7xC6dQQm4FSTSTNWjKIYYTt4246eMTJmIo0Q+ZyOsU66X8lxK1AbB92dFeglPLrhwpeRKO6w==

is-number-object@^1.0.4:
  version "1.0.5"
  resolved "https://registry.yarnpkg.com/is-number-object/-/is-number-object-1.0.5.tgz#6edfaeed7950cff19afedce9fbfca9ee6dd289eb"
  integrity sha512-RU0lI/n95pMoUKu9v1BZP5MBcZuNSVJkMkAG2dJqC4z2GlkGUNeH68SuHuBKBD/XFe+LHZ+f9BKkLET60Niedw==

is-number@^7.0.0:
  version "7.0.0"
  resolved "https://registry.yarnpkg.com/is-number/-/is-number-7.0.0.tgz#7535345b896734d5f80c4d06c50955527a14f12b"
  integrity sha512-41Cifkg6e8TylSpdtTpeLVMqvSBEVzTttHvERD741+pnZ8ANv0004MRL43QKPDlK9cGvNp6NZWZUBlbGXYxxng==

is-regex@^1.1.3:
  version "1.1.3"
  resolved "https://registry.yarnpkg.com/is-regex/-/is-regex-1.1.3.tgz#d029f9aff6448b93ebbe3f33dac71511fdcbef9f"
  integrity sha512-qSVXFz28HM7y+IWX6vLCsexdlvzT1PJNFSBuaQLQ5o0IEw8UDYW6/2+eCMVyIsbM8CNLX2a/QWmSpyxYEHY7CQ==
  dependencies:
    call-bind "^1.0.2"
    has-symbols "^1.0.2"

is-string@^1.0.5, is-string@^1.0.6:
  version "1.0.6"
  resolved "https://registry.yarnpkg.com/is-string/-/is-string-1.0.6.tgz#3fe5d5992fb0d93404f32584d4b0179a71b54a5f"
  integrity sha512-2gdzbKUuqtQ3lYNrUTQYoClPhm7oQu4UdpSZMp1/DGgkHBT8E2Z1l0yMdb6D4zNAxwDiMv8MdulKROJGNl0Q0w==

is-symbol@^1.0.2, is-symbol@^1.0.3:
  version "1.0.4"
  resolved "https://registry.yarnpkg.com/is-symbol/-/is-symbol-1.0.4.tgz#a6dac93b635b063ca6872236de88910a57af139c"
  integrity sha512-C/CPBqKWnvdcxqIARxyOh4v1UUEOCHpgDa0WYgpKDFMszcrPcffg5uhwSgPCLD2WWxmq6isisz87tzT01tuGhg==
  dependencies:
    has-symbols "^1.0.2"

"js-tokens@^3.0.0 || ^4.0.0":
  version "4.0.0"
  resolved "https://registry.yarnpkg.com/js-tokens/-/js-tokens-4.0.0.tgz#19203fb59991df98e3a287050d4647cdeaf32499"
  integrity sha512-RdJUflcE3cUzKiMqQgsCu06FPu9UdIJO0beYbPhHN4k6apgJtifcoCtT9bcxOpYBtpD2kCM6Sbzg4CausW/PKQ==

loose-envify@^1.1.0:
  version "1.4.0"
  resolved "https://registry.yarnpkg.com/loose-envify/-/loose-envify-1.4.0.tgz#71ee51fa7be4caec1a63839f7e682d8132d30caf"
  integrity sha512-lyuxPGr/Wfhrlem2CL/UcnUc1zcqKAImBDzukY7Y5F/yQiNdko6+fRLevlw1HgMySw7f611UIY408EtxRSoK3Q==
  dependencies:
    js-tokens "^3.0.0 || ^4.0.0"

mime-db@1.47.0:
  version "1.47.0"
  resolved "https://registry.yarnpkg.com/mime-db/-/mime-db-1.47.0.tgz#8cb313e59965d3c05cfbf898915a267af46a335c"
  integrity sha512-QBmA/G2y+IfeS4oktet3qRZ+P5kPhCKRXxXnQEudYqUaEioAU1/Lq2us3D/t1Jfo4hE9REQPrbB7K5sOczJVIw==

mime-types@^2.1.12:
  version "2.1.30"
  resolved "https://registry.yarnpkg.com/mime-types/-/mime-types-2.1.30.tgz#6e7be8b4c479825f85ed6326695db73f9305d62d"
  integrity sha512-crmjA4bLtR8m9qLpHvgxSChT+XoSlZi8J4n/aIdn3z92e/U47Z0V/yl+Wh9W046GgFVAmoNR/fmdbZYcSSIUeg==
  dependencies:
    mime-db "1.47.0"

ms@2.1.2:
  version "2.1.2"
  resolved "https://registry.yarnpkg.com/ms/-/ms-2.1.2.tgz#d09d1f357b443f493382a8eb3ccd183872ae6009"
  integrity sha512-sGkPx+VjMtmA6MX27oA4FBFELFCZZ4S4XqeGOXCv68tT+jb3vk/RyaKWP0PTKyWtmLSM0b+adUTEvbs1PEaH2w==

nanoid@^3.1.30:
  version "3.3.1"
  resolved "https://registry.yarnpkg.com/nanoid/-/nanoid-3.3.1.tgz#6347a18cac88af88f58af0b3594b723d5e99bb35"
  integrity sha512-n6Vs/3KGyxPQd6uO0eH4Bv0ojGSUvuLlIHtC3Y0kEO23YRge8H9x1GCzLn28YX0H66pMkxuaeESFq4tKISKwdw==

next-iron-session@^4.1.13:
  version "4.1.13"
  resolved "https://registry.yarnpkg.com/next-iron-session/-/next-iron-session-4.1.13.tgz#fac2a40c318d0717069a23e2107aa115be361f2c"
  integrity sha512-CHYeVtpdHDy4OjH1QppR0n2tF4eEp0hFalQIzhqNEPfG4AfbmqiVGZIVTipJRVc7YfCOS3MZx8B5/yKbM8gA7Q==
  dependencies:
    "@types/cookie" "^0.4.0"
    array.prototype.flat "^1.2.4"
    clone "^2.1.2"
    cookie "^0.4.1"
    debug "^4.3.1"
    iron-store "^1.3.0"

next-seo@^4.28.1:
  version "4.28.1"
  resolved "https://registry.yarnpkg.com/next-seo/-/next-seo-4.28.1.tgz#c98ee559c8ab7196c62d0f6903afd7a8cde47a03"
  integrity sha512-WZgwdM+UhpNF3A37zFllzmPhnOVJ9vYeYlc0n3Z/kYfz/QQgy8NEdncNNggS9dU4JD8xriaCcyknhy5OsrFsJw==

next@12:
  version "12.1.0"
  resolved "https://registry.yarnpkg.com/next/-/next-12.1.0.tgz#c33d753b644be92fc58e06e5a214f143da61dd5d"
  integrity sha512-s885kWvnIlxsUFHq9UGyIyLiuD0G3BUC/xrH0CEnH5lHEWkwQcHOORgbDF0hbrW9vr/7am4ETfX4A7M6DjrE7Q==
  dependencies:
    "@next/env" "12.1.0"
    caniuse-lite "^1.0.30001283"
    postcss "8.4.5"
    styled-jsx "5.0.0"
    use-subscription "1.5.1"
  optionalDependencies:
    "@next/swc-android-arm64" "12.1.0"
    "@next/swc-darwin-arm64" "12.1.0"
    "@next/swc-darwin-x64" "12.1.0"
    "@next/swc-linux-arm-gnueabihf" "12.1.0"
    "@next/swc-linux-arm64-gnu" "12.1.0"
    "@next/swc-linux-arm64-musl" "12.1.0"
    "@next/swc-linux-x64-gnu" "12.1.0"
    "@next/swc-linux-x64-musl" "12.1.0"
    "@next/swc-win32-arm64-msvc" "12.1.0"
    "@next/swc-win32-ia32-msvc" "12.1.0"
    "@next/swc-win32-x64-msvc" "12.1.0"

normalize-path@^3.0.0, normalize-path@~3.0.0:
  version "3.0.0"
  resolved "https://registry.yarnpkg.com/normalize-path/-/normalize-path-3.0.0.tgz#0dcd69ff23a1c9b11fd0978316644a0388216a65"
  integrity sha512-6eZs5Ls3WtCisHWp9S2GUy8dqkpGi4BVSz3GaqiE6ezub0512ESztXUwUB6C6IKbQkY2Pnb/mD4WYojCRwcwLA==

object-assign@^4.1.1:
  version "4.1.1"
  resolved "https://registry.yarnpkg.com/object-assign/-/object-assign-4.1.1.tgz#2109adc7965887cfc05cbbd442cac8bfbb360863"
  integrity sha1-IQmtx5ZYh8/AXLvUQsrIv7s2CGM=

object-inspect@^1.10.3:
  version "1.10.3"
  resolved "https://registry.yarnpkg.com/object-inspect/-/object-inspect-1.10.3.tgz#c2aa7d2d09f50c99375704f7a0adf24c5782d369"
  integrity sha512-e5mCJlSH7poANfC8z8S9s9S2IN5/4Zb3aZ33f5s8YqoazCFzNLloLU8r5VCG+G7WoqLvAAZoVMcy3tp/3X0Plw==

object-keys@^1.0.12, object-keys@^1.1.1:
  version "1.1.1"
  resolved "https://registry.yarnpkg.com/object-keys/-/object-keys-1.1.1.tgz#1c47f272df277f3b1daf061677d9c82e2322c60e"
  integrity sha512-NuAESUOUMrlIXOfHKzD6bpPu3tYt3xvjNdRIQ+FeT0lNb4K8WR70CaDxhuNguS2XG+GjkyMwOzsN5ZktImfhLA==

object.assign@^4.1.2:
  version "4.1.2"
  resolved "https://registry.yarnpkg.com/object.assign/-/object.assign-4.1.2.tgz#0ed54a342eceb37b38ff76eb831a0e788cb63940"
  integrity sha512-ixT2L5THXsApyiUPYKmW+2EHpXXe5Ii3M+f4e+aJFAHao5amFRW6J0OO6c/LU8Be47utCx2GL89hxGB6XSmKuQ==
  dependencies:
    call-bind "^1.0.0"
    define-properties "^1.1.3"
    has-symbols "^1.0.1"
    object-keys "^1.1.1"

picocolors@^1.0.0:
  version "1.0.0"
  resolved "https://registry.yarnpkg.com/picocolors/-/picocolors-1.0.0.tgz#cb5bdc74ff3f51892236eaf79d68bc44564ab81c"
  integrity sha512-1fygroTLlHu66zi26VoTDv8yRgm0Fccecssto+MhsZ0D/DGW2sm8E8AjW7NU5VVTRt5GxbeZ5qBuJr+HyLYkjQ==

picomatch@^2.0.4, picomatch@^2.2.1:
  version "2.3.0"
  resolved "https://registry.yarnpkg.com/picomatch/-/picomatch-2.3.0.tgz#f1f061de8f6a4bf022892e2d128234fb98302972"
  integrity sha512-lY1Q/PiJGC2zOv/z391WOTD+Z02bCgsFfvxoXXf6h7kv9o+WmsmzYqrAwY63sNgOxE4xEdq0WyUnXfKeBrSvYw==

postcss@8.4.5:
  version "8.4.5"
  resolved "https://registry.yarnpkg.com/postcss/-/postcss-8.4.5.tgz#bae665764dfd4c6fcc24dc0fdf7e7aa00cc77f95"
  integrity sha512-jBDboWM8qpaqwkMwItqTQTiFikhs/67OYVvblFFTM7MrZjt6yMKd6r2kgXizEbTTljacm4NldIlZnhbjr84QYg==
  dependencies:
    nanoid "^3.1.30"
    picocolors "^1.0.0"
    source-map-js "^1.0.1"

react-dom@17.0.2:
  version "17.0.2"
  resolved "https://registry.yarnpkg.com/react-dom/-/react-dom-17.0.2.tgz#ecffb6845e3ad8dbfcdc498f0d0a939736502c23"
  integrity sha512-s4h96KtLDUQlsENhMn1ar8t2bEa+q/YAtj8pPPdIjPDGBDIVNsrD9aXNWqspUe6AzKCIG0C1HZZLqLV7qpOBGA==
  dependencies:
    loose-envify "^1.1.0"
    object-assign "^4.1.1"
    scheduler "^0.20.2"

react@17.0.2:
  version "17.0.2"
  resolved "https://registry.yarnpkg.com/react/-/react-17.0.2.tgz#d0b5cc516d29eb3eee383f75b62864cfb6800037"
  integrity sha512-gnhPt75i/dq/z3/6q/0asP78D0u592D5L1pd7M8P+dck6Fu/jJeL6iVVK23fptSUZj8Vjf++7wXA8UNclGQcbA==
  dependencies:
    loose-envify "^1.1.0"
    object-assign "^4.1.1"

readdirp@~3.5.0:
  version "3.5.0"
  resolved "https://registry.yarnpkg.com/readdirp/-/readdirp-3.5.0.tgz#9ba74c019b15d365278d2e91bb8c48d7b4d42c9e"
  integrity sha512-cMhu7c/8rdhkHXWsY+osBhfSy0JikwpHK/5+imo+LpeasTF8ouErHrlYkwT0++njiyuDvc7OFY5T3ukvZ8qmFQ==
  dependencies:
    picomatch "^2.2.1"

sass@^1.35.1:
  version "1.35.1"
  resolved "https://registry.yarnpkg.com/sass/-/sass-1.35.1.tgz#90ecf774dfe68f07b6193077e3b42fb154b9e1cd"
  integrity sha512-oCisuQJstxMcacOPmxLNiLlj4cUyN2+8xJnG7VanRoh2GOLr9RqkvI4AxA4a6LHVg/rsu+PmxXeGhrdSF9jCiQ==
  dependencies:
    chokidar ">=3.0.0 <4.0.0"

scheduler@^0.20.2:
  version "0.20.2"
  resolved "https://registry.yarnpkg.com/scheduler/-/scheduler-0.20.2.tgz#4baee39436e34aa93b4874bddcbf0fe8b8b50e91"
  integrity sha512-2eWfGgAqqWFGqtdMmcL5zCMK1U8KlXv8SQFGglL3CEtd0aDVDWgeF/YoCmvln55m5zSk3J/20hTaSBeSObsQDQ==
  dependencies:
    loose-envify "^1.1.0"
    object-assign "^4.1.1"

source-map-js@^1.0.1:
  version "1.0.2"
  resolved "https://registry.yarnpkg.com/source-map-js/-/source-map-js-1.0.2.tgz#adbc361d9c62df380125e7f161f71c826f1e490c"
  integrity sha512-R0XvVJ9WusLiqTCEiGCmICCMplcCkIwwR11mOSD9CR5u+IXYdiseeEuXCVAjS54zqwkLcPNnmU4OeJ6tUrWhDw==

string.prototype.trimend@^1.0.4:
  version "1.0.4"
  resolved "https://registry.yarnpkg.com/string.prototype.trimend/-/string.prototype.trimend-1.0.4.tgz#e75ae90c2942c63504686c18b287b4a0b1a45f80"
  integrity sha512-y9xCjw1P23Awk8EvTpcyL2NIr1j7wJ39f+k6lvRnSMz+mz9CGz9NYPelDk42kOz6+ql8xjfK8oYzy3jAP5QU5A==
  dependencies:
    call-bind "^1.0.2"
    define-properties "^1.1.3"

string.prototype.trimstart@^1.0.4:
  version "1.0.4"
  resolved "https://registry.yarnpkg.com/string.prototype.trimstart/-/string.prototype.trimstart-1.0.4.tgz#b36399af4ab2999b4c9c648bd7a3fb2bb26feeed"
  integrity sha512-jh6e984OBfvxS50tdY2nRZnoC5/mLFKOREQfw8t5yytkoUsJRNxvI/E39qu1sD0OtWI3OC0XgKSmcWwziwYuZw==
  dependencies:
    call-bind "^1.0.2"
    define-properties "^1.1.3"

styled-jsx@5.0.0:
  version "5.0.0"
  resolved "https://registry.yarnpkg.com/styled-jsx/-/styled-jsx-5.0.0.tgz#816b4b92e07b1786c6b7111821750e0ba4d26e77"
  integrity sha512-qUqsWoBquEdERe10EW8vLp3jT25s/ssG1/qX5gZ4wu15OZpmSMFI2v+fWlRhLfykA5rFtlJ1ME8A8pm/peV4WA==

to-regex-range@^5.0.1:
  version "5.0.1"
  resolved "https://registry.yarnpkg.com/to-regex-range/-/to-regex-range-5.0.1.tgz#1648c44aae7c8d988a326018ed72f5b4dd0392e4"
  integrity sha512-65P7iz6X5yEr1cwcgvQxbbIw7Uk3gOy5dIdtZ4rDveLqhrdJP+Li/Hx6tyK0NEb+2GCyneCMJiGqrADCSNk8sQ==
  dependencies:
    is-number "^7.0.0"

typescript@^4.3.2:
  version "4.3.5"
  resolved "https://registry.yarnpkg.com/typescript/-/typescript-4.3.5.tgz#4d1c37cc16e893973c45a06886b7113234f119f4"
  integrity sha512-DqQgihaQ9cUrskJo9kIyW/+g0Vxsk8cDtZ52a3NGh0YNTfpUSArXSohyUGnvbPazEPLu398C0UxmKSOrPumUzA==

unbox-primitive@^1.0.1:
  version "1.0.1"
  resolved "https://registry.yarnpkg.com/unbox-primitive/-/unbox-primitive-1.0.1.tgz#085e215625ec3162574dc8859abee78a59b14471"
  integrity sha512-tZU/3NqK3dA5gpE1KtyiJUrEB0lxnGkMFHptJ7q6ewdZ8s12QrODwNbhIJStmJkd1QDXa1NRA8aF2A1zk/Ypyw==
  dependencies:
    function-bind "^1.1.1"
    has-bigints "^1.0.1"
    has-symbols "^1.0.2"
    which-boxed-primitive "^1.0.2"

use-subscription@1.5.1:
  version "1.5.1"
  resolved "https://registry.yarnpkg.com/use-subscription/-/use-subscription-1.5.1.tgz#73501107f02fad84c6dd57965beb0b75c68c42d1"
  integrity sha512-Xv2a1P/yReAjAbhylMfFplFKj9GssgTwN7RlcTxBujFQcloStWNDQdc4g4NRWH9xS4i/FDk04vQBptAXoF3VcA==
  dependencies:
    object-assign "^4.1.1"

which-boxed-primitive@^1.0.2:
  version "1.0.2"
  resolved "https://registry.yarnpkg.com/which-boxed-primitive/-/which-boxed-primitive-1.0.2.tgz#13757bc89b209b049fe5d86430e21cf40a89a8e6"
  integrity sha512-bwZdv0AKLpplFY2KZRX6TvyuN7ojjr7lwkg6ml0roIy9YeuSr7JS372qlNW18UQYzgYK9ziGcerWqZOmEn9VNg==
  dependencies:
    is-bigint "^1.0.1"
    is-boolean-object "^1.1.0"
    is-number-object "^1.0.4"
    is-string "^1.0.5"
    is-symbol "^1.0.3"
